// !$*UTF8*$!
{
	archiveVersion = 1;
	classes = {
	};
	objectVersion = 46;
	objects = {

/* Begin PBXBuildFile section */
		3F04719C1E9E8BE900002A40 /* AppDelegate.swift in Sources */ = {isa = PBXBuildFile; fileRef = 3F04719B1E9E8BE900002A40 /* AppDelegate.swift */; };
		3F04719E1E9E8BE900002A40 /* ViewController.swift in Sources */ = {isa = PBXBuildFile; fileRef = 3F04719D1E9E8BE900002A40 /* ViewController.swift */; };
		3F0471A11E9E8BE900002A40 /* Main.storyboard in Resources */ = {isa = PBXBuildFile; fileRef = 3F04719F1E9E8BE900002A40 /* Main.storyboard */; };
		3F0471A31E9E8BEA00002A40 /* Assets.xcassets in Resources */ = {isa = PBXBuildFile; fileRef = 3F0471A21E9E8BEA00002A40 /* Assets.xcassets */; };
		3F0471A61E9E8BEA00002A40 /* LaunchScreen.storyboard in Resources */ = {isa = PBXBuildFile; fileRef = 3F0471A41E9E8BEA00002A40 /* LaunchScreen.storyboard */; };
		3F0471B11E9E8BEA00002A40 /* SoundboardTests.swift in Sources */ = {isa = PBXBuildFile; fileRef = 3F0471B01E9E8BEA00002A40 /* SoundboardTests.swift */; };
		3F0471BC1E9E8BEA00002A40 /* SoundboardUITests.swift in Sources */ = {isa = PBXBuildFile; fileRef = 3F0471BB1E9E8BEA00002A40 /* SoundboardUITests.swift */; };
/* End PBXBuildFile section */

/* Begin PBXContainerItemProxy section */
		3F0471AD1E9E8BEA00002A40 /* PBXContainerItemProxy */ = {
			isa = PBXContainerItemProxy;
			containerPortal = 3F0471901E9E8BE900002A40 /* Project object */;
			proxyType = 1;
			remoteGlobalIDString = 3F0471971E9E8BE900002A40;
			remoteInfo = Soundboard;
		};
		3F0471B81E9E8BEA00002A40 /* PBXContainerItemProxy */ = {
			isa = PBXContainerItemProxy;
			containerPortal = 3F0471901E9E8BE900002A40 /* Project object */;
			proxyType = 1;
			remoteGlobalIDString = 3F0471971E9E8BE900002A40;
			remoteInfo = Soundboard;
		};
/* End PBXContainerItemProxy section */

/* Begin PBXFileReference section */
		3F0471981E9E8BE900002A40 /* Soundboard.app */ = {isa = PBXFileReference; explicitFileType = wrapper.application; includeInIndex = 0; path = Soundboard.app; sourceTree = BUILT_PRODUCTS_DIR; };
		3F04719B1E9E8BE900002A40 /* AppDelegate.swift */ = {isa = PBXFileReference; lastKnownFileType = sourcecode.swift; path = AppDelegate.swift; sourceTree = "<group>"; };
		3F04719D1E9E8BE900002A40 /* ViewController.swift */ = {isa = PBXFileReference; lastKnownFileType = sourcecode.swift; path = ViewController.swift; sourceTree = "<group>"; };
		3F0471A01E9E8BE900002A40 /* Base */ = {isa = PBXFileReference; lastKnownFileType = file.storyboard; name = Base; path = Base.lproj/Main.storyboard; sourceTree = "<group>"; };
		3F0471A21E9E8BEA00002A40 /* Assets.xcassets */ = {isa = PBXFileReference; lastKnownFileType = folder.assetcatalog; path = Assets.xcassets; sourceTree = "<group>"; };
		3F0471A51E9E8BEA00002A40 /* Base */ = {isa = PBXFileReference; lastKnownFileType = file.storyboard; name = Base; path = Base.lproj/LaunchScreen.storyboard; sourceTree = "<group>"; };
		3F0471A71E9E8BEA00002A40 /* Info.plist */ = {isa = PBXFileReference; lastKnownFileType = text.plist.xml; path = Info.plist; sourceTree = "<group>"; };
		3F0471AC1E9E8BEA00002A40 /* SoundboardTests.xctest */ = {isa = PBXFileReference; explicitFileType = wrapper.cfbundle; includeInIndex = 0; path = SoundboardTests.xctest; sourceTree = BUILT_PRODUCTS_DIR; };
		3F0471B01E9E8BEA00002A40 /* SoundboardTests.swift */ = {isa = PBXFileReference; lastKnownFileType = sourcecode.swift; path = SoundboardTests.swift; sourceTree = "<group>"; };
		3F0471B21E9E8BEA00002A40 /* Info.plist */ = {isa = PBXFileReference; lastKnownFileType = text.plist.xml; path = Info.plist; sourceTree = "<group>"; };
		3F0471B71E9E8BEA00002A40 /* SoundboardUITests.xctest */ = {isa = PBXFileReference; explicitFileType = wrapper.cfbundle; includeInIndex = 0; path = SoundboardUITests.xctest; sourceTree = BUILT_PRODUCTS_DIR; };
		3F0471BB1E9E8BEA00002A40 /* SoundboardUITests.swift */ = {isa = PBXFileReference; lastKnownFileType = sourcecode.swift; path = SoundboardUITests.swift; sourceTree = "<group>"; };
		3F0471BD1E9E8BEA00002A40 /* Info.plist */ = {isa = PBXFileReference; lastKnownFileType = text.plist.xml; path = Info.plist; sourceTree = "<group>"; };
/* End PBXFileReference section */

/* Begin PBXFrameworksBuildPhase section */
		3F0471951E9E8BE900002A40 /* Frameworks */ = {
			isa = PBXFrameworksBuildPhase;
			buildActionMask = 2147483647;
			files = (
			);
			runOnlyForDeploymentPostprocessing = 0;
		};
		3F0471A91E9E8BEA00002A40 /* Frameworks */ = {
			isa = PBXFrameworksBuildPhase;
			buildActionMask = 2147483647;
			files = (
			);
			runOnlyForDeploymentPostprocessing = 0;
		};
		3F0471B41E9E8BEA00002A40 /* Frameworks */ = {
			isa = PBXFrameworksBuildPhase;
			buildActionMask = 2147483647;
			files = (
			);
			runOnlyForDeploymentPostprocessing = 0;
		};
/* End PBXFrameworksBuildPhase section */

/* Begin PBXGroup section */
		3F04718F1E9E8BE900002A40 = {
			isa = PBXGroup;
			children = (
				3F04719A1E9E8BE900002A40 /* Soundboard */,
				3F0471AF1E9E8BEA00002A40 /* SoundboardTests */,
				3F0471BA1E9E8BEA00002A40 /* SoundboardUITests */,
				3F0471991E9E8BE900002A40 /* Products */,
			);
			sourceTree = "<group>";
		};
		3F0471991E9E8BE900002A40 /* Products */ = {
			isa = PBXGroup;
			children = (
				3F0471981E9E8BE900002A40 /* Soundboard.app */,
				3F0471AC1E9E8BEA00002A40 /* SoundboardTests.xctest */,
				3F0471B71E9E8BEA00002A40 /* SoundboardUITests.xctest */,
			);
			name = Products;
			sourceTree = "<group>";
		};
		3F04719A1E9E8BE900002A40 /* Soundboard */ = {
			isa = PBXGroup;
			children = (
				3F04719B1E9E8BE900002A40 /* AppDelegate.swift */,
				3F04719D1E9E8BE900002A40 /* ViewController.swift */,
				3F04719F1E9E8BE900002A40 /* Main.storyboard */,
				3F0471A21E9E8BEA00002A40 /* Assets.xcassets */,
				3F0471A41E9E8BEA00002A40 /* LaunchScreen.storyboard */,
				3F0471A71E9E8BEA00002A40 /* Info.plist */,
			);
			path = Soundboard;
			sourceTree = "<group>";
		};
		3F0471AF1E9E8BEA00002A40 /* SoundboardTests */ = {
			isa = PBXGroup;
			children = (
				3F0471B01E9E8BEA00002A40 /* SoundboardTests.swift */,
				3F0471B21E9E8BEA00002A40 /* Info.plist */,
			);
			path = SoundboardTests;
			sourceTree = "<group>";
		};
		3F0471BA1E9E8BEA00002A40 /* SoundboardUITests */ = {
			isa = PBXGroup;
			children = (
				3F0471BB1E9E8BEA00002A40 /* SoundboardUITests.swift */,
				3F0471BD1E9E8BEA00002A40 /* Info.plist */,
			);
			path = SoundboardUITests;
			sourceTree = "<group>";
		};
/* End PBXGroup section */

/* Begin PBXNativeTarget section */
		3F0471971E9E8BE900002A40 /* Soundboard */ = {
			isa = PBXNativeTarget;
			buildConfigurationList = 3F0471C01E9E8BEA00002A40 /* Build configuration list for PBXNativeTarget "Soundboard" */;
			buildPhases = (
				3F0471941E9E8BE900002A40 /* Sources */,
				3F0471951E9E8BE900002A40 /* Frameworks */,
				3F0471961E9E8BE900002A40 /* Resources */,
			);
			buildRules = (
			);
			dependencies = (
			);
			name = Soundboard;
			productName = Soundboard;
			productReference = 3F0471981E9E8BE900002A40 /* Soundboard.app */;
			productType = "com.apple.product-type.application";
		};
		3F0471AB1E9E8BEA00002A40 /* SoundboardTests */ = {
			isa = PBXNativeTarget;
			buildConfigurationList = 3F0471C31E9E8BEA00002A40 /* Build configuration list for PBXNativeTarget "SoundboardTests" */;
			buildPhases = (
				3F0471A81E9E8BEA00002A40 /* Sources */,
				3F0471A91E9E8BEA00002A40 /* Frameworks */,
				3F0471AA1E9E8BEA00002A40 /* Resources */,
			);
			buildRules = (
			);
			dependencies = (
				3F0471AE1E9E8BEA00002A40 /* PBXTargetDependency */,
			);
			name = SoundboardTests;
			productName = SoundboardTests;
			productReference = 3F0471AC1E9E8BEA00002A40 /* SoundboardTests.xctest */;
			productType = "com.apple.product-type.bundle.unit-test";
		};
		3F0471B61E9E8BEA00002A40 /* SoundboardUITests */ = {
			isa = PBXNativeTarget;
			buildConfigurationList = 3F0471C61E9E8BEA00002A40 /* Build configuration list for PBXNativeTarget "SoundboardUITests" */;
			buildPhases = (
				3F0471B31E9E8BEA00002A40 /* Sources */,
				3F0471B41E9E8BEA00002A40 /* Frameworks */,
				3F0471B51E9E8BEA00002A40 /* Resources */,
			);
			buildRules = (
			);
			dependencies = (
				3F0471B91E9E8BEA00002A40 /* PBXTargetDependency */,
			);
			name = SoundboardUITests;
			productName = SoundboardUITests;
			productReference = 3F0471B71E9E8BEA00002A40 /* SoundboardUITests.xctest */;
			productType = "com.apple.product-type.bundle.ui-testing";
		};
/* End PBXNativeTarget section */

/* Begin PBXProject section */
		3F0471901E9E8BE900002A40 /* Project object */ = {
			isa = PBXProject;
			attributes = {
				LastSwiftUpdateCheck = 0830;
				LastUpgradeCheck = 0830;
				ORGANIZATIONNAME = "Jason Liu";
				TargetAttributes = {
					3F0471971E9E8BE900002A40 = {
						CreatedOnToolsVersion = 8.3.1;
						ProvisioningStyle = Automatic;
					};
					3F0471AB1E9E8BEA00002A40 = {
						CreatedOnToolsVersion = 8.3.1;
						ProvisioningStyle = Automatic;
						TestTargetID = 3F0471971E9E8BE900002A40;
					};
					3F0471B61E9E8BEA00002A40 = {
						CreatedOnToolsVersion = 8.3.1;
						ProvisioningStyle = Automatic;
						TestTargetID = 3F0471971E9E8BE900002A40;
					};
				};
			};
			buildConfigurationList = 3F0471931E9E8BE900002A40 /* Build configuration list for PBXProject "Soundboard" */;
			compatibilityVersion = "Xcode 3.2";
			developmentRegion = English;
			hasScannedForEncodings = 0;
			knownRegions = (
				en,
				Base,
			);
			mainGroup = 3F04718F1E9E8BE900002A40;
			productRefGroup = 3F0471991E9E8BE900002A40 /* Products */;
			projectDirPath = "";
			projectRoot = "";
			targets = (
				3F0471971E9E8BE900002A40 /* Soundboard */,
				3F0471AB1E9E8BEA00002A40 /* SoundboardTests */,
				3F0471B61E9E8BEA00002A40 /* SoundboardUITests */,
			);
		};
/* End PBXProject section */

/* Begin PBXResourcesBuildPhase section */
		3F0471961E9E8BE900002A40 /* Resources */ = {
			isa = PBXResourcesBuildPhase;
			buildActionMask = 2147483647;
			files = (
				3F0471A61E9E8BEA00002A40 /* LaunchScreen.storyboard in Resources */,
				3F0471A31E9E8BEA00002A40 /* Assets.xcassets in Resources */,
				3F0471A11E9E8BE900002A40 /* Main.storyboard in Resources */,
			);
			runOnlyForDeploymentPostprocessing = 0;
		};
		3F0471AA1E9E8BEA00002A40 /* Resources */ = {
			isa = PBXResourcesBuildPhase;
			buildActionMask = 2147483647;
			files = (
			);
			runOnlyForDeploymentPostprocessing = 0;
		};
		3F0471B51E9E8BEA00002A40 /* Resources */ = {
			isa = PBXResourcesBuildPhase;
			buildActionMask = 2147483647;
			files = (
			);
			runOnlyForDeploymentPostprocessing = 0;
		};
/* End PBXResourcesBuildPhase section */

/* Begin PBXSourcesBuildPhase section */
		3F0471941E9E8BE900002A40 /* Sources */ = {
			isa = PBXSourcesBuildPhase;
			buildActionMask = 2147483647;
			files = (
				3F04719E1E9E8BE900002A40 /* ViewController.swift in Sources */,
				3F04719C1E9E8BE900002A40 /* AppDelegate.swift in Sources */,
			);
			runOnlyForDeploymentPostprocessing = 0;
		};
		3F0471A81E9E8BEA00002A40 /* Sources */ = {
			isa = PBXSourcesBuildPhase;
			buildActionMask = 2147483647;
			files = (
				3F0471B11E9E8BEA00002A40 /* SoundboardTests.swift in Sources */,
			);
			runOnlyForDeploymentPostprocessing = 0;
		};
		3F0471B31E9E8BEA00002A40 /* Sources */ = {
			isa = PBXSourcesBuildPhase;
			buildActionMask = 2147483647;
			files = (
				3F0471BC1E9E8BEA00002A40 /* SoundboardUITests.swift in Sources */,
			);
			runOnlyForDeploymentPostprocessing = 0;
		};
/* End PBXSourcesBuildPhase section */

/* Begin PBXTargetDependency section */
		3F0471AE1E9E8BEA00002A40 /* PBXTargetDependency */ = {
			isa = PBXTargetDependency;
			target = 3F0471971E9E8BE900002A40 /* Soundboard */;
			targetProxy = 3F0471AD1E9E8BEA00002A40 /* PBXContainerItemProxy */;
		};
		3F0471B91E9E8BEA00002A40 /* PBXTargetDependency */ = {
			isa = PBXTargetDependency;
			target = 3F0471971E9E8BE900002A40 /* Soundboard */;
			targetProxy = 3F0471B81E9E8BEA00002A40 /* PBXContainerItemProxy */;
		};
/* End PBXTargetDependency section */

/* Begin PBXVariantGroup section */
		3F04719F1E9E8BE900002A40 /* Main.storyboard */ = {
			isa = PBXVariantGroup;
			children = (
				3F0471A01E9E8BE900002A40 /* Base */,
			);
			name = Main.storyboard;
			sourceTree = "<group>";
		};
		3F0471A41E9E8BEA00002A40 /* LaunchScreen.storyboard */ = {
			isa = PBXVariantGroup;
			children = (
				3F0471A51E9E8BEA00002A40 /* Base */,
			);
			name = LaunchScreen.storyboard;
			sourceTree = "<group>";
		};
/* End PBXVariantGroup section */

/* Begin XCBuildConfiguration section */
		3F0471BE1E9E8BEA00002A40 /* Debug */ = {
			isa = XCBuildConfiguration;
			buildSettings = {
				ALWAYS_SEARCH_USER_PATHS = NO;
				CLANG_ANALYZER_NONNULL = YES;
				CLANG_ANALYZER_NUMBER_OBJECT_CONVERSION = YES_AGGRESSIVE;
				CLANG_CXX_LANGUAGE_STANDARD = "gnu++0x";
				CLANG_CXX_LIBRARY = "libc++";
				CLANG_ENABLE_MODULES = YES;
				CLANG_ENABLE_OBJC_ARC = YES;
				CLANG_WARN_BOOL_CONVERSION = YES;
				CLANG_WARN_CONSTANT_CONVERSION = YES;
				CLANG_WARN_DIRECT_OBJC_ISA_USAGE = YES_ERROR;
				CLANG_WARN_DOCUMENTATION_COMMENTS = YES;
				CLANG_WARN_EMPTY_BODY = YES;
				CLANG_WARN_ENUM_CONVERSION = YES;
				CLANG_WARN_INFINITE_RECURSION = YES;
				CLANG_WARN_INT_CONVERSION = YES;
				CLANG_WARN_OBJC_ROOT_CLASS = YES_ERROR;
				CLANG_WARN_SUSPICIOUS_MOVE = YES;
				CLANG_WARN_UNREACHABLE_CODE = YES;
				CLANG_WARN__DUPLICATE_METHOD_MATCH = YES;
				"CODE_SIGN_IDENTITY[sdk=iphoneos*]" = "iPhone Developer";
				COPY_PHASE_STRIP = NO;
				DEBUG_INFORMATION_FORMAT = dwarf;
				ENABLE_STRICT_OBJC_MSGSEND = YES;
				ENABLE_TESTABILITY = YES;
				GCC_C_LANGUAGE_STANDARD = gnu99;
				GCC_DYNAMIC_NO_PIC = NO;
				GCC_NO_COMMON_BLOCKS = YES;
				GCC_OPTIMIZATION_LEVEL = 0;
				GCC_PREPROCESSOR_DEFINITIONS = (
					"DEBUG=1",
					"$(inherited)",
				);
				GCC_WARN_64_TO_32_BIT_CONVERSION = YES;
				GCC_WARN_ABOUT_RETURN_TYPE = YES_ERROR;
				GCC_WARN_UNDECLARED_SELECTOR = YES;
				GCC_WARN_UNINITIALIZED_AUTOS = YES_AGGRESSIVE;
				GCC_WARN_UNUSED_FUNCTION = YES;
				GCC_WARN_UNUSED_VARIABLE = YES;
				IPHONEOS_DEPLOYMENT_TARGET = 10.3;
				MTL_ENABLE_DEBUG_INFO = YES;
				ONLY_ACTIVE_ARCH = YES;
				SDKROOT = iphoneos;
				SWIFT_ACTIVE_COMPILATION_CONDITIONS = DEBUG;
				SWIFT_OPTIMIZATION_LEVEL = "-Onone";
				TARGETED_DEVICE_FAMILY = "1,2";
			};
			name = Debug;
		};
		3F0471BF1E9E8BEA00002A40 /* Release */ = {
			isa = XCBuildConfiguration;
			buildSettings = {
				ALWAYS_SEARCH_USER_PATHS = NO;
				CLANG_ANALYZER_NONNULL = YES;
				CLANG_ANALYZER_NUMBER_OBJECT_CONVERSION = YES_AGGRESSIVE;
				CLANG_CXX_LANGUAGE_STANDARD = "gnu++0x";
				CLANG_CXX_LIBRARY = "libc++";
				CLANG_ENABLE_MODULES = YES;
				CLANG_ENABLE_OBJC_ARC = YES;
				CLANG_WARN_BOOL_CONVERSION = YES;
				CLANG_WARN_CONSTANT_CONVERSION = YES;
				CLANG_WARN_DIRECT_OBJC_ISA_USAGE = YES_ERROR;
				CLANG_WARN_DOCUMENTATION_COMMENTS = YES;
				CLANG_WARN_EMPTY_BODY = YES;
				CLANG_WARN_ENUM_CONVERSION = YES;
				CLANG_WARN_INFINITE_RECURSION = YES;
				CLANG_WARN_INT_CONVERSION = YES;
				CLANG_WARN_OBJC_ROOT_CLASS = YES_ERROR;
				CLANG_WARN_SUSPICIOUS_MOVE = YES;
				CLANG_WARN_UNREACHABLE_CODE = YES;
				CLANG_WARN__DUPLICATE_METHOD_MATCH = YES;
				"CODE_SIGN_IDENTITY[sdk=iphoneos*]" = "iPhone Developer";
				COPY_PHASE_STRIP = NO;
				DEBUG_INFORMATION_FORMAT = "dwarf-with-dsym";
				ENABLE_NS_ASSERTIONS = NO;
				ENABLE_STRICT_OBJC_MSGSEND = YES;
				GCC_C_LANGUAGE_STANDARD = gnu99;
				GCC_NO_COMMON_BLOCKS = YES;
				GCC_WARN_64_TO_32_BIT_CONVERSION = YES;
				GCC_WARN_ABOUT_RETURN_TYPE = YES_ERROR;
				GCC_WARN_UNDECLARED_SELECTOR = YES;
				GCC_WARN_UNINITIALIZED_AUTOS = YES_AGGRESSIVE;
				GCC_WARN_UNUSED_FUNCTION = YES;
				GCC_WARN_UNUSED_VARIABLE = YES;
				IPHONEOS_DEPLOYMENT_TARGET = 10.3;
				MTL_ENABLE_DEBUG_INFO = NO;
				SDKROOT = iphoneos;
				SWIFT_OPTIMIZATION_LEVEL = "-Owholemodule";
				TARGETED_DEVICE_FAMILY = "1,2";
				VALIDATE_PRODUCT = YES;
			};
			name = Release;
		};
		3F0471C11E9E8BEA00002A40 /* Debug */ = {
			isa = XCBuildConfiguration;
			buildSettings = {
				ASSETCATALOG_COMPILER_APPICON_NAME = AppIcon;
				INFOPLIST_FILE = Soundboard/Info.plist;
				LD_RUNPATH_SEARCH_PATHS = "$(inherited) @executable_path/Frameworks";
				PRODUCT_BUNDLE_IDENTIFIER = JL.Soundboard;
				PRODUCT_NAME = "$(TARGET_NAME)";
				SWIFT_VERSION = 3.0;
			};
			name = Debug;
		};
		3F0471C21E9E8BEA00002A40 /* Release */ = {
			isa = XCBuildConfiguration;
			buildSettings = {
				ASSETCATALOG_COMPILER_APPICON_NAME = AppIcon;
				INFOPLIST_FILE = Soundboard/Info.plist;
				LD_RUNPATH_SEARCH_PATHS = "$(inherited) @executable_path/Frameworks";
				PRODUCT_BUNDLE_IDENTIFIER = JL.Soundboard;
				PRODUCT_NAME = "$(TARGET_NAME)";
				SWIFT_VERSION = 3.0;
			};
			name = Release;
		};
		3F0471C41E9E8BEA00002A40 /* Debug */ = {
			isa = XCBuildConfiguration;
			buildSettings = {
				ALWAYS_EMBED_SWIFT_STANDARD_LIBRARIES = YES;
				BUNDLE_LOADER = "$(TEST_HOST)";
				INFOPLIST_FILE = SoundboardTests/Info.plist;
				LD_RUNPATH_SEARCH_PATHS = "$(inherited) @executable_path/Frameworks @loader_path/Frameworks";
				PRODUCT_BUNDLE_IDENTIFIER = JL.SoundboardTests;
				PRODUCT_NAME = "$(TARGET_NAME)";
				SWIFT_VERSION = 3.0;
				TEST_HOST = "$(BUILT_PRODUCTS_DIR)/Soundboard.app/Soundboard";
			};
			name = Debug;
		};
		3F0471C51E9E8BEA00002A40 /* Release */ = {
			isa = XCBuildConfiguration;
			buildSettings = {
				ALWAYS_EMBED_SWIFT_STANDARD_LIBRARIES = YES;
				BUNDLE_LOADER = "$(TEST_HOST)";
				INFOPLIST_FILE = SoundboardTests/Info.plist;
				LD_RUNPATH_SEARCH_PATHS = "$(inherited) @executable_path/Frameworks @loader_path/Frameworks";
				PRODUCT_BUNDLE_IDENTIFIER = JL.SoundboardTests;
				PRODUCT_NAME = "$(TARGET_NAME)";
				SWIFT_VERSION = 3.0;
				TEST_HOST = "$(BUILT_PRODUCTS_DIR)/Soundboard.app/Soundboard";
			};
			name = Release;
		};
		3F0471C71E9E8BEA00002A40 /* Debug */ = {
			isa = XCBuildConfiguration;
			buildSettings = {
				ALWAYS_EMBED_SWIFT_STANDARD_LIBRARIES = YES;
				INFOPLIST_FILE = SoundboardUITests/Info.plist;
				LD_RUNPATH_SEARCH_PATHS = "$(inherited) @executable_path/Frameworks @loader_path/Frameworks";
				PRODUCT_BUNDLE_IDENTIFIER = JL.SoundboardUITests;
				PRODUCT_NAME = "$(TARGET_NAME)";
				SWIFT_VERSION = 3.0;
				TEST_TARGET_NAME = Soundboard;
			};
			name = Debug;
		};
		3F0471C81E9E8BEA00002A40 /* Release */ = {
			isa = XCBuildConfiguration;
			buildSettings = {
				ALWAYS_EMBED_SWIFT_STANDARD_LIBRARIES = YES;
				INFOPLIST_FILE = SoundboardUITests/Info.plist;
				LD_RUNPATH_SEARCH_PATHS = "$(inherited) @executable_path/Frameworks @loader_path/Frameworks";
				PRODUCT_BUNDLE_IDENTIFIER = JL.SoundboardUITests;
				PRODUCT_NAME = "$(TARGET_NAME)";
				SWIFT_VERSION = 3.0;
				TEST_TARGET_NAME = Soundboard;
			};
			name = Release;
		};
/* End XCBuildConfiguration section */

/* Begin XCConfigurationList section */
		3F0471931E9E8BE900002A40 /* Build configuration list for PBXProject "Soundboard" */ = {
			isa = XCConfigurationList;
			buildConfigurations = (
				3F0471BE1E9E8BEA00002A40 /* Debug */,
				3F0471BF1E9E8BEA00002A40 /* Release */,
			);
			defaultConfigurationIsVisible = 0;
			defaultConfigurationName = Release;
		};
		3F0471C01E9E8BEA00002A40 /* Build configuration list for PBXNativeTarget "Soundboard" */ = {
			isa = XCConfigurationList;
			buildConfigurations = (
				3F0471C11E9E8BEA00002A40 /* Debug */,
				3F0471C21E9E8BEA00002A40 /* Release */,
			);
			defaultConfigurationIsVisible = 0;
		};
		3F0471C31E9E8BEA00002A40 /* Build configuration list for PBXNativeTarget "SoundboardTests" */ = {
			isa = XCConfigurationList;
			buildConfigurations = (
				3F0471C41E9E8BEA00002A40 /* Debug */,
				3F0471C51E9E8BEA00002A40 /* Release */,
			);
			defaultConfigurationIsVisible = 0;
		};
		3F0471C61E9E8BEA00002A40 /* Build configuration list for PBXNativeTarget "SoundboardUITests" */ = {
			isa = XCConfigurationList;
			buildConfigurations = (
				3F0471C71E9E8BEA00002A40 /* Debug */,
				3F0471C81E9E8BEA00002A40 /* Release */,
			);
			defaultConfigurationIsVisible = 0;
		};
/* End XCConfigurationList section */
	};
	rootObject = 3F0471901E9E8BE900002A40 /* Project object */;
}
